
Microsoft Visual Studio Solution File, Format Version 12.00
# Visual Studio Version 16
VisualStudioVersion = 16.0.29613.14
MinimumVisualStudioVersion = 10.0.40219.1
Project("{FAE04EC0-301F-11D3-BF4B-00C04F79EFBC}") = "StudentExercisesMVC", "StudentExercisesMVC.csproj", "{2B9A87EE-8276-4ECA-9E0B-558341D0EE06}"
EndProject
Global
	GlobalSection(SolutionConfigurationPlatforms) = preSolution
		Debug|Any CPU = Debug|Any CPU
		Release|Any CPU = Release|Any CPU
	EndGlobalSection
	GlobalSection(ProjectConfigurationPlatforms) = postSolution
		{2B9A87EE-8276-4ECA-9E0B-558341D0EE06}.Debug|Any CPU.ActiveCfg = Debug|Any CPU
		{2B9A87EE-8276-4ECA-9E0B-558341D0EE06}.Debug|Any CPU.Build.0 = Debug|Any CPU
		{2B9A87EE-8276-4ECA-9E0B-558341D0EE06}.Release|Any CPU.ActiveCfg = Release|Any CPU
		{2B9A87EE-8276-4ECA-9E0B-558341D0EE06}.Release|Any CPU.Build.0 = Release|Any CPU
	EndGlobalSection
	GlobalSection(SolutionProperties) = preSolution
		HideSolutionNode = FALSE
	EndGlobalSection
	GlobalSection(ExtensibilityGlobals) = postSolution
		SolutionGuid = {1185B28A-5BCF-413A-A623-F3231BFDB1C5}
	EndGlobalSection
EndGlobal
